PODS:
  - NavigationDropdown (0.0.7)
  - SwiftLint (0.39.2)

DEPENDENCIES:
  - NavigationDropdown (from `../../`)
  - SwiftLint

SPEC REPOS:
  https://github.com/CocoaPods/Specs.git:
    - SwiftLint

EXTERNAL SOURCES:
  NavigationDropdown:
    :path: "../../"

SPEC CHECKSUMS:
  NavigationDropdown: 141b388c9f42da58ed119502d38a7e432d439f4c
  SwiftLint: 22ccbbe3b8008684be5955693bab135e0ed6a447

PODFILE CHECKSUM: cac41aeb901b475fa63e63a886a033321388be17

COCOAPODS: 1.9.3
