PODS:
  - NavigationDropdown (0.0.1)
  - SwiftLint (0.39.2)

DEPENDENCIES:
  - NavigationDropdown (from `../../`)
  - SwiftLint

SPEC REPOS:
  https://github.com/cocoapods/specs.git:
    - SwiftLint

EXTERNAL SOURCES:
  NavigationDropdown:
    :path: "../../"

SPEC CHECKSUMS:
  NavigationDropdown: 473f4c20ae56016cef770834bc4e92731a90ee47
  SwiftLint: 22ccbbe3b8008684be5955693bab135e0ed6a447

PODFILE CHECKSUM: cac41aeb901b475fa63e63a886a033321388be17

COCOAPODS: 1.7.5
